// !$*UTF8*$!
{
	archiveVersion = 1;
	classes = {
	};
	objectVersion = 48;
	objects = {

/* Begin PBXBuildFile section */
		363918001F652D300056BF63 /* toDo.swift in Sources */ = {isa = PBXBuildFile; fileRef = 363917FF1F652D300056BF63 /* toDo.swift */; };
		363918021F652FB60056BF63 /* DBUtil.swift in Sources */ = {isa = PBXBuildFile; fileRef = 363918011F652FB60056BF63 /* DBUtil.swift */; };
		3645DD7F1F62F2C000F14F36 /* AppDelegate.swift in Sources */ = {isa = PBXBuildFile; fileRef = 3645DD7E1F62F2C000F14F36 /* AppDelegate.swift */; };
		3645DD811F62F2C000F14F36 /* ViewController.swift in Sources */ = {isa = PBXBuildFile; fileRef = 3645DD801F62F2C000F14F36 /* ViewController.swift */; };
		3645DD841F62F2C000F14F36 /* Main.storyboard in Resources */ = {isa = PBXBuildFile; fileRef = 3645DD821F62F2C000F14F36 /* Main.storyboard */; };
		3645DD861F62F2C000F14F36 /* Assets.xcassets in Resources */ = {isa = PBXBuildFile; fileRef = 3645DD851F62F2C000F14F36 /* Assets.xcassets */; };
		3645DD891F62F2C000F14F36 /* LaunchScreen.storyboard in Resources */ = {isa = PBXBuildFile; fileRef = 3645DD871F62F2C000F14F36 /* LaunchScreen.storyboard */; };
		DEC20EA062FFEE83772709D9 /* Pods_toDoList.framework in Frameworks */ = {isa = PBXBuildFile; fileRef = DC5E1DB22AF58A770DD9E50F /* Pods_toDoList.framework */; };
/* End PBXBuildFile section */

/* Begin PBXFileReference section */
		1F1C5438A872C381ACB6F4B5 /* Pods-toDoList.release.xcconfig */ = {isa = PBXFileReference; includeInIndex = 1; lastKnownFileType = text.xcconfig; name = "Pods-toDoList.release.xcconfig"; path = "Pods/Target Support Files/Pods-toDoList/Pods-toDoList.release.xcconfig"; sourceTree = "<group>"; };
		363917FF1F652D300056BF63 /* toDo.swift */ = {isa = PBXFileReference; lastKnownFileType = sourcecode.swift; path = toDo.swift; sourceTree = "<group>"; };
		363918011F652FB60056BF63 /* DBUtil.swift */ = {isa = PBXFileReference; lastKnownFileType = sourcecode.swift; path = DBUtil.swift; sourceTree = "<group>"; };
		3645DD7B1F62F2C000F14F36 /* toDoList.app */ = {isa = PBXFileReference; explicitFileType = wrapper.application; includeInIndex = 0; path = toDoList.app; sourceTree = BUILT_PRODUCTS_DIR; };
		3645DD7E1F62F2C000F14F36 /* AppDelegate.swift */ = {isa = PBXFileReference; lastKnownFileType = sourcecode.swift; path = AppDelegate.swift; sourceTree = "<group>"; };
		3645DD801F62F2C000F14F36 /* ViewController.swift */ = {isa = PBXFileReference; lastKnownFileType = sourcecode.swift; path = ViewController.swift; sourceTree = "<group>"; };
		3645DD831F62F2C000F14F36 /* Base */ = {isa = PBXFileReference; lastKnownFileType = file.storyboard; name = Base; path = Base.lproj/Main.storyboard; sourceTree = "<group>"; };
		3645DD851F62F2C000F14F36 /* Assets.xcassets */ = {isa = PBXFileReference; lastKnownFileType = folder.assetcatalog; path = Assets.xcassets; sourceTree = "<group>"; };
		3645DD881F62F2C000F14F36 /* Base */ = {isa = PBXFileReference; lastKnownFileType = file.storyboard; name = Base; path = Base.lproj/LaunchScreen.storyboard; sourceTree = "<group>"; };
		3645DD8A1F62F2C000F14F36 /* Info.plist */ = {isa = PBXFileReference; lastKnownFileType = text.plist.xml; path = Info.plist; sourceTree = "<group>"; };
		DC5E1DB22AF58A770DD9E50F /* Pods_toDoList.framework */ = {isa = PBXFileReference; explicitFileType = wrapper.framework; includeInIndex = 0; path = Pods_toDoList.framework; sourceTree = BUILT_PRODUCTS_DIR; };
		EBA9E6F85524F1A72B01343F /* Pods-toDoList.debug.xcconfig */ = {isa = PBXFileReference; includeInIndex = 1; lastKnownFileType = text.xcconfig; name = "Pods-toDoList.debug.xcconfig"; path = "Pods/Target Support Files/Pods-toDoList/Pods-toDoList.debug.xcconfig"; sourceTree = "<group>"; };
/* End PBXFileReference section */

/* Begin PBXFrameworksBuildPhase section */
		3645DD781F62F2C000F14F36 /* Frameworks */ = {
			isa = PBXFrameworksBuildPhase;
			buildActionMask = 2147483647;
			files = (
				DEC20EA062FFEE83772709D9 /* Pods_toDoList.framework in Frameworks */,
			);
			runOnlyForDeploymentPostprocessing = 0;
		};
/* End PBXFrameworksBuildPhase section */

/* Begin PBXGroup section */
		0C631C1BDD41418E8D8F4598 /* Pods */ = {
			isa = PBXGroup;
			children = (
				EBA9E6F85524F1A72B01343F /* Pods-toDoList.debug.xcconfig */,
				1F1C5438A872C381ACB6F4B5 /* Pods-toDoList.release.xcconfig */,
			);
			name = Pods;
			sourceTree = "<group>";
		};
		3645DD721F62F2C000F14F36 = {
			isa = PBXGroup;
			children = (
				3645DD7D1F62F2C000F14F36 /* toDoList */,
				3645DD7C1F62F2C000F14F36 /* Products */,
				0C631C1BDD41418E8D8F4598 /* Pods */,
				512DF673F9BB5B2D0111647F /* Frameworks */,
			);
			sourceTree = "<group>";
		};
		3645DD7C1F62F2C000F14F36 /* Products */ = {
			isa = PBXGroup;
			children = (
				3645DD7B1F62F2C000F14F36 /* toDoList.app */,
			);
			name = Products;
			sourceTree = "<group>";
		};
		3645DD7D1F62F2C000F14F36 /* toDoList */ = {
			isa = PBXGroup;
			children = (
				3645DD7E1F62F2C000F14F36 /* AppDelegate.swift */,
				3645DD801F62F2C000F14F36 /* ViewController.swift */,
				3645DD821F62F2C000F14F36 /* Main.storyboard */,
				3645DD851F62F2C000F14F36 /* Assets.xcassets */,
				3645DD871F62F2C000F14F36 /* LaunchScreen.storyboard */,
				3645DD8A1F62F2C000F14F36 /* Info.plist */,
				363917FF1F652D300056BF63 /* toDo.swift */,
				363918011F652FB60056BF63 /* DBUtil.swift */,
			);
			path = toDoList;
			sourceTree = "<group>";
		};
		512DF673F9BB5B2D0111647F /* Frameworks */ = {
			isa = PBXGroup;
			children = (
				DC5E1DB22AF58A770DD9E50F /* Pods_toDoList.framework */,
			);
			name = Frameworks;
			sourceTree = "<group>";
		};
/* End PBXGroup section */

/* Begin PBXNativeTarget section */
		3645DD7A1F62F2C000F14F36 /* toDoList */ = {
			isa = PBXNativeTarget;
			buildConfigurationList = 3645DD8D1F62F2C000F14F36 /* Build configuration list for PBXNativeTarget "toDoList" */;
			buildPhases = (
				0C54FA8D0060EA9148B6ED9F /* [CP] Check Pods Manifest.lock */,
				3645DD771F62F2C000F14F36 /* Sources */,
				3645DD781F62F2C000F14F36 /* Frameworks */,
				3645DD791F62F2C000F14F36 /* Resources */,
				96D5305DFE7242F716538E7E /* [CP] Embed Pods Frameworks */,
				D6347548970830E5A35F4573 /* [CP] Copy Pods Resources */,
			);
			buildRules = (
			);
			dependencies = (
			);
			name = toDoList;
			productName = toDoList;
			productReference = 3645DD7B1F62F2C000F14F36 /* toDoList.app */;
			productType = "com.apple.product-type.application";
		};
/* End PBXNativeTarget section */

/* Begin PBXProject section */
		3645DD731F62F2C000F14F36 /* Project object */ = {
			isa = PBXProject;
			attributes = {
				LastSwiftUpdateCheck = 0900;
				LastUpgradeCheck = 0900;
				ORGANIZATIONNAME = "Syed Askari";
				TargetAttributes = {
					3645DD7A1F62F2C000F14F36 = {
						CreatedOnToolsVersion = 9.0;
						ProvisioningStyle = Automatic;
					};
				};
			};
			buildConfigurationList = 3645DD761F62F2C000F14F36 /* Build configuration list for PBXProject "toDoList" */;
			compatibilityVersion = "Xcode 8.0";
			developmentRegion = en;
			hasScannedForEncodings = 0;
			knownRegions = (
				en,
				Base,
			);
			mainGroup = 3645DD721F62F2C000F14F36;
			productRefGroup = 3645DD7C1F62F2C000F14F36 /* Products */;
			projectDirPath = "";
			projectRoot = "";
			targets = (
				3645DD7A1F62F2C000F14F36 /* toDoList */,
			);
		};
/* End PBXProject section */

/* Begin PBXResourcesBuildPhase section */
		3645DD791F62F2C000F14F36 /* Resources */ = {
			isa = PBXResourcesBuildPhase;
			buildActionMask = 2147483647;
			files = (
				3645DD891F62F2C000F14F36 /* LaunchScreen.storyboard in Resources */,
				3645DD861F62F2C000F14F36 /* Assets.xcassets in Resources */,
				3645DD841F62F2C000F14F36 /* Main.storyboard in Resources */,
			);
			runOnlyForDeploymentPostprocessing = 0;
		};
/* End PBXResourcesBuildPhase section */

/* Begin PBXShellScriptBuildPhase section */
		0C54FA8D0060EA9148B6ED9F /* [CP] Check Pods Manifest.lock */ = {
			isa = PBXShellScriptBuildPhase;
			buildActionMask = 2147483647;
			files = (
			);
			inputPaths = (
			);
			name = "[CP] Check Pods Manifest.lock";
			outputPaths = (
			);
			runOnlyForDeploymentPostprocessing = 0;
			shellPath = /bin/sh;
			shellScript = "diff \"${PODS_PODFILE_DIR_PATH}/Podfile.lock\" \"${PODS_ROOT}/Manifest.lock\" > /dev/null\nif [ $? != 0 ] ; then\n    # print error to STDERR\n    echo \"error: The sandbox is not in sync with the Podfile.lock. Run 'pod install' or update your CocoaPods installation.\" >&2\n    exit 1\nfi\n";
			showEnvVarsInLog = 0;
		};
		96D5305DFE7242F716538E7E /* [CP] Embed Pods Frameworks */ = {
			isa = PBXShellScriptBuildPhase;
			buildActionMask = 2147483647;
			files = (
			);
			inputPaths = (
			);
			name = "[CP] Embed Pods Frameworks";
			outputPaths = (
			);
			runOnlyForDeploymentPostprocessing = 0;
			shellPath = /bin/sh;
			shellScript = "\"${SRCROOT}/Pods/Target Support Files/Pods-toDoList/Pods-toDoList-frameworks.sh\"\n";
			showEnvVarsInLog = 0;
		};
		D6347548970830E5A35F4573 /* [CP] Copy Pods Resources */ = {
			isa = PBXShellScriptBuildPhase;
			buildActionMask = 2147483647;
			files = (
			);
			inputPaths = (
			);
			name = "[CP] Copy Pods Resources";
			outputPaths = (
			);
			runOnlyForDeploymentPostprocessing = 0;
			shellPath = /bin/sh;
			shellScript = "\"${SRCROOT}/Pods/Target Support Files/Pods-toDoList/Pods-toDoList-resources.sh\"\n";
			showEnvVarsInLog = 0;
		};
/* End PBXShellScriptBuildPhase section */

/* Begin PBXSourcesBuildPhase section */
		3645DD771F62F2C000F14F36 /* Sources */ = {
			isa = PBXSourcesBuildPhase;
			buildActionMask = 2147483647;
			files = (
				3645DD811F62F2C000F14F36 /* ViewController.swift in Sources */,
				363918001F652D300056BF63 /* toDo.swift in Sources */,
				3645DD7F1F62F2C000F14F36 /* AppDelegate.swift in Sources */,
				363918021F652FB60056BF63 /* DBUtil.swift in Sources */,
			);
			runOnlyForDeploymentPostprocessing = 0;
		};
/* End PBXSourcesBuildPhase section */

/* Begin PBXVariantGroup section */
		3645DD821F62F2C000F14F36 /* Main.storyboard */ = {
			isa = PBXVariantGroup;
			children = (
				3645DD831F62F2C000F14F36 /* Base */,
			);
			name = Main.storyboard;
			sourceTree = "<group>";
		};
		3645DD871F62F2C000F14F36 /* LaunchScreen.storyboard */ = {
			isa = PBXVariantGroup;
			children = (
				3645DD881F62F2C000F14F36 /* Base */,
			);
			name = LaunchScreen.storyboard;
			sourceTree = "<group>";
		};
/* End PBXVariantGroup section */

/* Begin XCBuildConfiguration section */
		3645DD8B1F62F2C000F14F36 /* Debug */ = {
			isa = XCBuildConfiguration;
			buildSettings = {
				ALWAYS_SEARCH_USER_PATHS = NO;
				CLANG_ANALYZER_NONNULL = YES;
				CLANG_ANALYZER_NUMBER_OBJECT_CONVERSION = YES_AGGRESSIVE;
				CLANG_CXX_LANGUAGE_STANDARD = "gnu++14";
				CLANG_CXX_LIBRARY = "libc++";
				CLANG_ENABLE_MODULES = YES;
				CLANG_ENABLE_OBJC_ARC = YES;
				CLANG_WARN_BLOCK_CAPTURE_AUTORELEASING = YES;
				CLANG_WARN_BOOL_CONVERSION = YES;
				CLANG_WARN_COMMA = YES;
				CLANG_WARN_CONSTANT_CONVERSION = YES;
				CLANG_WARN_DIRECT_OBJC_ISA_USAGE = YES_ERROR;
				CLANG_WARN_DOCUMENTATION_COMMENTS = YES;
				CLANG_WARN_EMPTY_BODY = YES;
				CLANG_WARN_ENUM_CONVERSION = YES;
				CLANG_WARN_INFINITE_RECURSION = YES;
				CLANG_WARN_INT_CONVERSION = YES;
				CLANG_WARN_NON_LITERAL_NULL_CONVERSION = YES;
				CLANG_WARN_OBJC_LITERAL_CONVERSION = YES;
				CLANG_WARN_OBJC_ROOT_CLASS = YES_ERROR;
				CLANG_WARN_RANGE_LOOP_ANALYSIS = YES;
				CLANG_WARN_STRICT_PROTOTYPES = YES;
				CLANG_WARN_SUSPICIOUS_MOVE = YES;
				CLANG_WARN_UNGUARDED_AVAILABILITY = YES_AGGRESSIVE;
				CLANG_WARN_UNREACHABLE_CODE = YES;
				CLANG_WARN__DUPLICATE_METHOD_MATCH = YES;
				CODE_SIGN_IDENTITY = "iPhone Developer";
				COPY_PHASE_STRIP = NO;
				DEBUG_INFORMATION_FORMAT = dwarf;
				ENABLE_STRICT_OBJC_MSGSEND = YES;
				ENABLE_TESTABILITY = YES;
				GCC_C_LANGUAGE_STANDARD = gnu11;
				GCC_DYNAMIC_NO_PIC = NO;
				GCC_NO_COMMON_BLOCKS = YES;
				GCC_OPTIMIZATION_LEVEL = 0;
				GCC_PREPROCESSOR_DEFINITIONS = (
					"DEBUG=1",
					"$(inherited)",
				);
				GCC_WARN_64_TO_32_BIT_CONVERSION = YES;
				GCC_WARN_ABOUT_RETURN_TYPE = YES_ERROR;
				GCC_WARN_UNDECLARED_SELECTOR = YES;
				GCC_WARN_UNINITIALIZED_AUTOS = YES_AGGRESSIVE;
				GCC_WARN_UNUSED_FUNCTION = YES;
				GCC_WARN_UNUSED_VARIABLE = YES;
				IPHONEOS_DEPLOYMENT_TARGET = 11.0;
				MTL_ENABLE_DEBUG_INFO = YES;
				ONLY_ACTIVE_ARCH = YES;
				SDKROOT = iphoneos;
				SWIFT_ACTIVE_COMPILATION_CONDITIONS = DEBUG;
				SWIFT_OPTIMIZATION_LEVEL = "-Onone";
			};
			name = Debug;
		};
		3645DD8C1F62F2C000F14F36 /* Release */ = {
			isa = XCBuildConfiguration;
			buildSettings = {
				ALWAYS_SEARCH_USER_PATHS = NO;
				CLANG_ANALYZER_NONNULL = YES;
				CLANG_ANALYZER_NUMBER_OBJECT_CONVERSION = YES_AGGRESSIVE;
				CLANG_CXX_LANGUAGE_STANDARD = "gnu++14";
				CLANG_CXX_LIBRARY = "libc++";
				CLANG_ENABLE_MODULES = YES;
				CLANG_ENABLE_OBJC_ARC = YES;
				CLANG_WARN_BLOCK_CAPTURE_AUTORELEASING = YES;
				CLANG_WARN_BOOL_CONVERSION = YES;
				CLANG_WARN_COMMA = YES;
				CLANG_WARN_CONSTANT_CONVERSION = YES;
				CLANG_WARN_DIRECT_OBJC_ISA_USAGE = YES_ERROR;
				CLANG_WARN_DOCUMENTATION_COMMENTS = YES;
				CLANG_WARN_EMPTY_BODY = YES;
				CLANG_WARN_ENUM_CONVERSION = YES;
				CLANG_WARN_INFINITE_RECURSION = YES;
				CLANG_WARN_INT_CONVERSION = YES;
				CLANG_WARN_NON_LITERAL_NULL_CONVERSION = YES;
				CLANG_WARN_OBJC_LITERAL_CONVERSION = YES;
				CLANG_WARN_OBJC_ROOT_CLASS = YES_ERROR;
				CLANG_WARN_RANGE_LOOP_ANALYSIS = YES;
				CLANG_WARN_STRICT_PROTOTYPES = YES;
				CLANG_WARN_SUSPICIOUS_MOVE = YES;
				CLANG_WARN_UNGUARDED_AVAILABILITY = YES_AGGRESSIVE;
				CLANG_WARN_UNREACHABLE_CODE = YES;
				CLANG_WARN__DUPLICATE_METHOD_MATCH = YES;
				CODE_SIGN_IDENTITY = "iPhone Developer";
				COPY_PHASE_STRIP = NO;
				DEBUG_INFORMATION_FORMAT = "dwarf-with-dsym";
				ENABLE_NS_ASSERTIONS = NO;
				ENABLE_STRICT_OBJC_MSGSEND = YES;
				GCC_C_LANGUAGE_STANDARD = gnu11;
				GCC_NO_COMMON_BLOCKS = YES;
				GCC_WARN_64_TO_32_BIT_CONVERSION = YES;
				GCC_WARN_ABOUT_RETURN_TYPE = YES_ERROR;
				GCC_WARN_UNDECLARED_SELECTOR = YES;
				GCC_WARN_UNINITIALIZED_AUTOS = YES_AGGRESSIVE;
				GCC_WARN_UNUSED_FUNCTION = YES;
				GCC_WARN_UNUSED_VARIABLE = YES;
				IPHONEOS_DEPLOYMENT_TARGET = 11.0;
				MTL_ENABLE_DEBUG_INFO = NO;
				SDKROOT = iphoneos;
				SWIFT_OPTIMIZATION_LEVEL = "-Owholemodule";
				VALIDATE_PRODUCT = YES;
			};
			name = Release;
		};
		3645DD8E1F62F2C000F14F36 /* Debug */ = {
			isa = XCBuildConfiguration;
			baseConfigurationReference = EBA9E6F85524F1A72B01343F /* Pods-toDoList.debug.xcconfig */;
			buildSettings = {
				ASSETCATALOG_COMPILER_APPICON_NAME = AppIcon;
				CODE_SIGN_STYLE = Automatic;
				DEVELOPMENT_TEAM = 824M9D9K7F;
				INFOPLIST_FILE = toDoList/Info.plist;
				LD_RUNPATH_SEARCH_PATHS = "$(inherited) @executable_path/Frameworks";
				PRODUCT_BUNDLE_IDENTIFIER = com.askari.toDoList;
				PRODUCT_NAME = "$(TARGET_NAME)";
				SWIFT_VERSION = 4.0;
				TARGETED_DEVICE_FAMILY = "1,2";
			};
			name = Debug;
		};
		3645DD8F1F62F2C000F14F36 /* Release */ = {
			isa = XCBuildConfiguration;
			baseConfigurationReference = 1F1C5438A872C381ACB6F4B5 /* Pods-toDoList.release.xcconfig */;
			buildSettings = {
				ASSETCATALOG_COMPILER_APPICON_NAME = AppIcon;
				CODE_SIGN_STYLE = Automatic;
				DEVELOPMENT_TEAM = 824M9D9K7F;
				INFOPLIST_FILE = toDoList/Info.plist;
				LD_RUNPATH_SEARCH_PATHS = "$(inherited) @executable_path/Frameworks";
				PRODUCT_BUNDLE_IDENTIFIER = com.askari.toDoList;
				PRODUCT_NAME = "$(TARGET_NAME)";
				SWIFT_VERSION = 4.0;
				TARGETED_DEVICE_FAMILY = "1,2";
			};
			name = Release;
		};
/* End XCBuildConfiguration section */

/* Begin XCConfigurationList section */
		3645DD761F62F2C000F14F36 /* Build configuration list for PBXProject "toDoList" */ = {
			isa = XCConfigurationList;
			buildConfigurations = (
				3645DD8B1F62F2C000F14F36 /* Debug */,
				3645DD8C1F62F2C000F14F36 /* Release */,
			);
			defaultConfigurationIsVisible = 0;
			defaultConfigurationName = Release;
		};
		3645DD8D1F62F2C000F14F36 /* Build configuration list for PBXNativeTarget "toDoList" */ = {
			isa = XCConfigurationList;
			buildConfigurations = (
				3645DD8E1F62F2C000F14F36 /* Debug */,
				3645DD8F1F62F2C000F14F36 /* Release */,
			);
			defaultConfigurationIsVisible = 0;
			defaultConfigurationName = Release;
		};
/* End XCConfigurationList section */
	};
	rootObject = 3645DD731F62F2C000F14F36 /* Project object */;
}
